// !$*UTF8*$!
{
	archiveVersion = 1;
	classes = {
	};
	objectVersion = 46;
	objects = {

/* Begin PBXBuildFile section */
		F8B4192A1C2F7E0000C76BD3 /* AppDelegate.swift in Sources */ = {isa = PBXBuildFile; fileRef = F8B419291C2F7E0000C76BD3 /* AppDelegate.swift */; };
		F8B4192C1C2F7E0000C76BD3 /* PsychologistViewController.swift in Sources */ = {isa = PBXBuildFile; fileRef = F8B4192B1C2F7E0000C76BD3 /* PsychologistViewController.swift */; };
		F8B4192F1C2F7E0000C76BD3 /* Main.storyboard in Resources */ = {isa = PBXBuildFile; fileRef = F8B4192D1C2F7E0000C76BD3 /* Main.storyboard */; };
		F8B419311C2F7E0000C76BD3 /* Assets.xcassets in Resources */ = {isa = PBXBuildFile; fileRef = F8B419301C2F7E0000C76BD3 /* Assets.xcassets */; };
		F8B419341C2F7E0000C76BD3 /* LaunchScreen.storyboard in Resources */ = {isa = PBXBuildFile; fileRef = F8B419321C2F7E0000C76BD3 /* LaunchScreen.storyboard */; };
		F8B4193F1C2F7E0000C76BD3 /* PsychologistTests.swift in Sources */ = {isa = PBXBuildFile; fileRef = F8B4193E1C2F7E0000C76BD3 /* PsychologistTests.swift */; };
		F8B4194A1C2F7E0000C76BD3 /* PsychologistUITests.swift in Sources */ = {isa = PBXBuildFile; fileRef = F8B419491C2F7E0000C76BD3 /* PsychologistUITests.swift */; };
		F8DC1BFA1C2F8368008920A9 /* FaceView.swift in Sources */ = {isa = PBXBuildFile; fileRef = F8DC1BF81C2F8368008920A9 /* FaceView.swift */; settings = {ASSET_TAGS = (); }; };
		F8DC1BFB1C2F8368008920A9 /* HappinessViewController.swift in Sources */ = {isa = PBXBuildFile; fileRef = F8DC1BF91C2F8368008920A9 /* HappinessViewController.swift */; settings = {ASSET_TAGS = (); }; };
		F8DC1BFD1C2F948D008920A9 /* TextViewController.swift in Sources */ = {isa = PBXBuildFile; fileRef = F8DC1BFC1C2F948D008920A9 /* TextViewController.swift */; settings = {ASSET_TAGS = (); }; };
/* End PBXBuildFile section */

/* Begin PBXContainerItemProxy section */
		F8B4193B1C2F7E0000C76BD3 /* PBXContainerItemProxy */ = {
			isa = PBXContainerItemProxy;
			containerPortal = F8B4191E1C2F7DFF00C76BD3 /* Project object */;
			proxyType = 1;
			remoteGlobalIDString = F8B419251C2F7E0000C76BD3;
			remoteInfo = Psychologist;
		};
		F8B419461C2F7E0000C76BD3 /* PBXContainerItemProxy */ = {
			isa = PBXContainerItemProxy;
			containerPortal = F8B4191E1C2F7DFF00C76BD3 /* Project object */;
			proxyType = 1;
			remoteGlobalIDString = F8B419251C2F7E0000C76BD3;
			remoteInfo = Psychologist;
		};
/* End PBXContainerItemProxy section */

/* Begin PBXFileReference section */
		F8B419261C2F7E0000C76BD3 /* Psychologist.app */ = {isa = PBXFileReference; explicitFileType = wrapper.application; includeInIndex = 0; path = Psychologist.app; sourceTree = BUILT_PRODUCTS_DIR; };
		F8B419291C2F7E0000C76BD3 /* AppDelegate.swift */ = {isa = PBXFileReference; lastKnownFileType = sourcecode.swift; path = AppDelegate.swift; sourceTree = "<group>"; };
		F8B4192B1C2F7E0000C76BD3 /* PsychologistViewController.swift */ = {isa = PBXFileReference; lastKnownFileType = sourcecode.swift; path = PsychologistViewController.swift; sourceTree = "<group>"; };
		F8B4192E1C2F7E0000C76BD3 /* Base */ = {isa = PBXFileReference; lastKnownFileType = file.storyboard; name = Base; path = Base.lproj/Main.storyboard; sourceTree = "<group>"; };
		F8B419301C2F7E0000C76BD3 /* Assets.xcassets */ = {isa = PBXFileReference; lastKnownFileType = folder.assetcatalog; path = Assets.xcassets; sourceTree = "<group>"; };
		F8B419331C2F7E0000C76BD3 /* Base */ = {isa = PBXFileReference; lastKnownFileType = file.storyboard; name = Base; path = Base.lproj/LaunchScreen.storyboard; sourceTree = "<group>"; };
		F8B419351C2F7E0000C76BD3 /* Info.plist */ = {isa = PBXFileReference; lastKnownFileType = text.plist.xml; path = Info.plist; sourceTree = "<group>"; };
		F8B4193A1C2F7E0000C76BD3 /* PsychologistTests.xctest */ = {isa = PBXFileReference; explicitFileType = wrapper.cfbundle; includeInIndex = 0; path = PsychologistTests.xctest; sourceTree = BUILT_PRODUCTS_DIR; };
		F8B4193E1C2F7E0000C76BD3 /* PsychologistTests.swift */ = {isa = PBXFileReference; lastKnownFileType = sourcecode.swift; path = PsychologistTests.swift; sourceTree = "<group>"; };
		F8B419401C2F7E0000C76BD3 /* Info.plist */ = {isa = PBXFileReference; lastKnownFileType = text.plist.xml; path = Info.plist; sourceTree = "<group>"; };
		F8B419451C2F7E0000C76BD3 /* PsychologistUITests.xctest */ = {isa = PBXFileReference; explicitFileType = wrapper.cfbundle; includeInIndex = 0; path = PsychologistUITests.xctest; sourceTree = BUILT_PRODUCTS_DIR; };
		F8B419491C2F7E0000C76BD3 /* PsychologistUITests.swift */ = {isa = PBXFileReference; lastKnownFileType = sourcecode.swift; path = PsychologistUITests.swift; sourceTree = "<group>"; };
		F8B4194B1C2F7E0000C76BD3 /* Info.plist */ = {isa = PBXFileReference; lastKnownFileType = text.plist.xml; path = Info.plist; sourceTree = "<group>"; };
		F8DC1BF81C2F8368008920A9 /* FaceView.swift */ = {isa = PBXFileReference; fileEncoding = 4; lastKnownFileType = sourcecode.swift; path = FaceView.swift; sourceTree = "<group>"; };
		F8DC1BF91C2F8368008920A9 /* HappinessViewController.swift */ = {isa = PBXFileReference; fileEncoding = 4; lastKnownFileType = sourcecode.swift; path = HappinessViewController.swift; sourceTree = "<group>"; };
		F8DC1BFC1C2F948D008920A9 /* TextViewController.swift */ = {isa = PBXFileReference; fileEncoding = 4; lastKnownFileType = sourcecode.swift; path = TextViewController.swift; sourceTree = "<group>"; };
/* End PBXFileReference section */

/* Begin PBXFrameworksBuildPhase section */
		F8B419231C2F7E0000C76BD3 /* Frameworks */ = {
			isa = PBXFrameworksBuildPhase;
			buildActionMask = 2147483647;
			files = (
			);
			runOnlyForDeploymentPostprocessing = 0;
		};
		F8B419371C2F7E0000C76BD3 /* Frameworks */ = {
			isa = PBXFrameworksBuildPhase;
			buildActionMask = 2147483647;
			files = (
			);
			runOnlyForDeploymentPostprocessing = 0;
		};
		F8B419421C2F7E0000C76BD3 /* Frameworks */ = {
			isa = PBXFrameworksBuildPhase;
			buildActionMask = 2147483647;
			files = (
			);
			runOnlyForDeploymentPostprocessing = 0;
		};
/* End PBXFrameworksBuildPhase section */

/* Begin PBXGroup section */
		F8B4191D1C2F7DFF00C76BD3 = {
			isa = PBXGroup;
			children = (
				F8DC1BFC1C2F948D008920A9 /* TextViewController.swift */,
				F8B419281C2F7E0000C76BD3 /* Psychologist */,
				F8B4193D1C2F7E0000C76BD3 /* PsychologistTests */,
				F8B419481C2F7E0000C76BD3 /* PsychologistUITests */,
				F8B419271C2F7E0000C76BD3 /* Products */,
			);
			sourceTree = "<group>";
		};
		F8B419271C2F7E0000C76BD3 /* Products */ = {
			isa = PBXGroup;
			children = (
				F8B419261C2F7E0000C76BD3 /* Psychologist.app */,
				F8B4193A1C2F7E0000C76BD3 /* PsychologistTests.xctest */,
				F8B419451C2F7E0000C76BD3 /* PsychologistUITests.xctest */,
			);
			name = Products;
			sourceTree = "<group>";
		};
		F8B419281C2F7E0000C76BD3 /* Psychologist */ = {
			isa = PBXGroup;
			children = (
				F8DC1BF81C2F8368008920A9 /* FaceView.swift */,
				F8DC1BF91C2F8368008920A9 /* HappinessViewController.swift */,
				F8B4192B1C2F7E0000C76BD3 /* PsychologistViewController.swift */,
				F8B4192D1C2F7E0000C76BD3 /* Main.storyboard */,
				F8B419571C2F7E1600C76BD3 /* Supporting Files */,
			);
			path = Psychologist;
			sourceTree = "<group>";
		};
		F8B4193D1C2F7E0000C76BD3 /* PsychologistTests */ = {
			isa = PBXGroup;
			children = (
				F8B4193E1C2F7E0000C76BD3 /* PsychologistTests.swift */,
				F8B419401C2F7E0000C76BD3 /* Info.plist */,
			);
			path = PsychologistTests;
			sourceTree = "<group>";
		};
		F8B419481C2F7E0000C76BD3 /* PsychologistUITests */ = {
			isa = PBXGroup;
			children = (
				F8B419491C2F7E0000C76BD3 /* PsychologistUITests.swift */,
				F8B4194B1C2F7E0000C76BD3 /* Info.plist */,
			);
			path = PsychologistUITests;
			sourceTree = "<group>";
		};
		F8B419571C2F7E1600C76BD3 /* Supporting Files */ = {
			isa = PBXGroup;
			children = (
				F8B419291C2F7E0000C76BD3 /* AppDelegate.swift */,
				F8B419301C2F7E0000C76BD3 /* Assets.xcassets */,
				F8B419351C2F7E0000C76BD3 /* Info.plist */,
				F8B419321C2F7E0000C76BD3 /* LaunchScreen.storyboard */,
			);
			name = "Supporting Files";
			sourceTree = "<group>";
		};
/* End PBXGroup section */

/* Begin PBXNativeTarget section */
		F8B419251C2F7E0000C76BD3 /* Psychologist */ = {
			isa = PBXNativeTarget;
			buildConfigurationList = F8B4194E1C2F7E0000C76BD3 /* Build configuration list for PBXNativeTarget "Psychologist" */;
			buildPhases = (
				F8B419221C2F7E0000C76BD3 /* Sources */,
				F8B419231C2F7E0000C76BD3 /* Frameworks */,
				F8B419241C2F7E0000C76BD3 /* Resources */,
			);
			buildRules = (
			);
			dependencies = (
			);
			name = Psychologist;
			productName = Psychologist;
			productReference = F8B419261C2F7E0000C76BD3 /* Psychologist.app */;
			productType = "com.apple.product-type.application";
		};
		F8B419391C2F7E0000C76BD3 /* PsychologistTests */ = {
			isa = PBXNativeTarget;
			buildConfigurationList = F8B419511C2F7E0000C76BD3 /* Build configuration list for PBXNativeTarget "PsychologistTests" */;
			buildPhases = (
				F8B419361C2F7E0000C76BD3 /* Sources */,
				F8B419371C2F7E0000C76BD3 /* Frameworks */,
				F8B419381C2F7E0000C76BD3 /* Resources */,
			);
			buildRules = (
			);
			dependencies = (
				F8B4193C1C2F7E0000C76BD3 /* PBXTargetDependency */,
			);
			name = PsychologistTests;
			productName = PsychologistTests;
			productReference = F8B4193A1C2F7E0000C76BD3 /* PsychologistTests.xctest */;
			productType = "com.apple.product-type.bundle.unit-test";
		};
		F8B419441C2F7E0000C76BD3 /* PsychologistUITests */ = {
			isa = PBXNativeTarget;
			buildConfigurationList = F8B419541C2F7E0000C76BD3 /* Build configuration list for PBXNativeTarget "PsychologistUITests" */;
			buildPhases = (
				F8B419411C2F7E0000C76BD3 /* Sources */,
				F8B419421C2F7E0000C76BD3 /* Frameworks */,
				F8B419431C2F7E0000C76BD3 /* Resources */,
			);
			buildRules = (
			);
			dependencies = (
				F8B419471C2F7E0000C76BD3 /* PBXTargetDependency */,
			);
			name = PsychologistUITests;
			productName = PsychologistUITests;
			productReference = F8B419451C2F7E0000C76BD3 /* PsychologistUITests.xctest */;
			productType = "com.apple.product-type.bundle.ui-testing";
		};
/* End PBXNativeTarget section */

/* Begin PBXProject section */
		F8B4191E1C2F7DFF00C76BD3 /* Project object */ = {
			isa = PBXProject;
			attributes = {
				LastUpgradeCheck = 0700;
				ORGANIZATIONNAME = "Trong Le";
				TargetAttributes = {
					F8B419251C2F7E0000C76BD3 = {
						CreatedOnToolsVersion = 7.0.1;
					};
					F8B419391C2F7E0000C76BD3 = {
						CreatedOnToolsVersion = 7.0.1;
						TestTargetID = F8B419251C2F7E0000C76BD3;
					};
					F8B419441C2F7E0000C76BD3 = {
						CreatedOnToolsVersion = 7.0.1;
						TestTargetID = F8B419251C2F7E0000C76BD3;
					};
				};
			};
			buildConfigurationList = F8B419211C2F7DFF00C76BD3 /* Build configuration list for PBXProject "Psychologist" */;
			compatibilityVersion = "Xcode 3.2";
			developmentRegion = English;
			hasScannedForEncodings = 0;
			knownRegions = (
				en,
				Base,
			);
			mainGroup = F8B4191D1C2F7DFF00C76BD3;
			productRefGroup = F8B419271C2F7E0000C76BD3 /* Products */;
			projectDirPath = "";
			projectRoot = "";
			targets = (
				F8B419251C2F7E0000C76BD3 /* Psychologist */,
				F8B419391C2F7E0000C76BD3 /* PsychologistTests */,
				F8B419441C2F7E0000C76BD3 /* PsychologistUITests */,
			);
		};
/* End PBXProject section */

/* Begin PBXResourcesBuildPhase section */
		F8B419241C2F7E0000C76BD3 /* Resources */ = {
			isa = PBXResourcesBuildPhase;
			buildActionMask = 2147483647;
			files = (
				F8B419341C2F7E0000C76BD3 /* LaunchScreen.storyboard in Resources */,
				F8B419311C2F7E0000C76BD3 /* Assets.xcassets in Resources */,
				F8B4192F1C2F7E0000C76BD3 /* Main.storyboard in Resources */,
			);
			runOnlyForDeploymentPostprocessing = 0;
		};
		F8B419381C2F7E0000C76BD3 /* Resources */ = {
			isa = PBXResourcesBuildPhase;
			buildActionMask = 2147483647;
			files = (
			);
			runOnlyForDeploymentPostprocessing = 0;
		};
		F8B419431C2F7E0000C76BD3 /* Resources */ = {
			isa = PBXResourcesBuildPhase;
			buildActionMask = 2147483647;
			files = (
			);
			runOnlyForDeploymentPostprocessing = 0;
		};
/* End PBXResourcesBuildPhase section */

/* Begin PBXSourcesBuildPhase section */
		F8B419221C2F7E0000C76BD3 /* Sources */ = {
			isa = PBXSourcesBuildPhase;
			buildActionMask = 2147483647;
			files = (
				F8DC1BFD1C2F948D008920A9 /* TextViewController.swift in Sources */,
				F8B4192C1C2F7E0000C76BD3 /* PsychologistViewController.swift in Sources */,
				F8B4192A1C2F7E0000C76BD3 /* AppDelegate.swift in Sources */,
				F8DC1BFB1C2F8368008920A9 /* HappinessViewController.swift in Sources */,
				F8DC1BFA1C2F8368008920A9 /* FaceView.swift in Sources */,
			);
			runOnlyForDeploymentPostprocessing = 0;
		};
		F8B419361C2F7E0000C76BD3 /* Sources */ = {
			isa = PBXSourcesBuildPhase;
			buildActionMask = 2147483647;
			files = (
				F8B4193F1C2F7E0000C76BD3 /* PsychologistTests.swift in Sources */,
			);
			runOnlyForDeploymentPostprocessing = 0;
		};
		F8B419411C2F7E0000C76BD3 /* Sources */ = {
			isa = PBXSourcesBuildPhase;
			buildActionMask = 2147483647;
			files = (
				F8B4194A1C2F7E0000C76BD3 /* PsychologistUITests.swift in Sources */,
			);
			runOnlyForDeploymentPostprocessing = 0;
		};
/* End PBXSourcesBuildPhase section */

/* Begin PBXTargetDependency section */
		F8B4193C1C2F7E0000C76BD3 /* PBXTargetDependency */ = {
			isa = PBXTargetDependency;
			target = F8B419251C2F7E0000C76BD3 /* Psychologist */;
			targetProxy = F8B4193B1C2F7E0000C76BD3 /* PBXContainerItemProxy */;
		};
		F8B419471C2F7E0000C76BD3 /* PBXTargetDependency */ = {
			isa = PBXTargetDependency;
			target = F8B419251C2F7E0000C76BD3 /* Psychologist */;
			targetProxy = F8B419461C2F7E0000C76BD3 /* PBXContainerItemProxy */;
		};
/* End PBXTargetDependency section */

/* Begin PBXVariantGroup section */
		F8B4192D1C2F7E0000C76BD3 /* Main.storyboard */ = {
			isa = PBXVariantGroup;
			children = (
				F8B4192E1C2F7E0000C76BD3 /* Base */,
			);
			name = Main.storyboard;
			sourceTree = "<group>";
		};
		F8B419321C2F7E0000C76BD3 /* LaunchScreen.storyboard */ = {
			isa = PBXVariantGroup;
			children = (
				F8B419331C2F7E0000C76BD3 /* Base */,
			);
			name = LaunchScreen.storyboard;
			sourceTree = "<group>";
		};
/* End PBXVariantGroup section */

/* Begin XCBuildConfiguration section */
		F8B4194C1C2F7E0000C76BD3 /* Debug */ = {
			isa = XCBuildConfiguration;
			buildSettings = {
				ALWAYS_SEARCH_USER_PATHS = NO;
				CLANG_CXX_LANGUAGE_STANDARD = "gnu++0x";
				CLANG_CXX_LIBRARY = "libc++";
				CLANG_ENABLE_MODULES = YES;
				CLANG_ENABLE_OBJC_ARC = YES;
				CLANG_WARN_BOOL_CONVERSION = YES;
				CLANG_WARN_CONSTANT_CONVERSION = YES;
				CLANG_WARN_DIRECT_OBJC_ISA_USAGE = YES_ERROR;
				CLANG_WARN_EMPTY_BODY = YES;
				CLANG_WARN_ENUM_CONVERSION = YES;
				CLANG_WARN_INT_CONVERSION = YES;
				CLANG_WARN_OBJC_ROOT_CLASS = YES_ERROR;
				CLANG_WARN_UNREACHABLE_CODE = YES;
				CLANG_WARN__DUPLICATE_METHOD_MATCH = YES;
				"CODE_SIGN_IDENTITY[sdk=iphoneos*]" = "iPhone Developer";
				COPY_PHASE_STRIP = NO;
				DEBUG_INFORMATION_FORMAT = dwarf;
				ENABLE_STRICT_OBJC_MSGSEND = YES;
				ENABLE_TESTABILITY = YES;
				GCC_C_LANGUAGE_STANDARD = gnu99;
				GCC_DYNAMIC_NO_PIC = NO;
				GCC_NO_COMMON_BLOCKS = YES;
				GCC_OPTIMIZATION_LEVEL = 0;
				GCC_PREPROCESSOR_DEFINITIONS = (
					"DEBUG=1",
					"$(inherited)",
				);
				GCC_WARN_64_TO_32_BIT_CONVERSION = YES;
				GCC_WARN_ABOUT_RETURN_TYPE = YES_ERROR;
				GCC_WARN_UNDECLARED_SELECTOR = YES;
				GCC_WARN_UNINITIALIZED_AUTOS = YES_AGGRESSIVE;
				GCC_WARN_UNUSED_FUNCTION = YES;
				GCC_WARN_UNUSED_VARIABLE = YES;
				IPHONEOS_DEPLOYMENT_TARGET = 9.0;
				MTL_ENABLE_DEBUG_INFO = YES;
				ONLY_ACTIVE_ARCH = YES;
				SDKROOT = iphoneos;
				SWIFT_OPTIMIZATION_LEVEL = "-Onone";
				TARGETED_DEVICE_FAMILY = "1,2";
			};
			name = Debug;
		};
		F8B4194D1C2F7E0000C76BD3 /* Release */ = {
			isa = XCBuildConfiguration;
			buildSettings = {
				ALWAYS_SEARCH_USER_PATHS = NO;
				CLANG_CXX_LANGUAGE_STANDARD = "gnu++0x";
				CLANG_CXX_LIBRARY = "libc++";
				CLANG_ENABLE_MODULES = YES;
				CLANG_ENABLE_OBJC_ARC = YES;
				CLANG_WARN_BOOL_CONVERSION = YES;
				CLANG_WARN_CONSTANT_CONVERSION = YES;
				CLANG_WARN_DIRECT_OBJC_ISA_USAGE = YES_ERROR;
				CLANG_WARN_EMPTY_BODY = YES;
				CLANG_WARN_ENUM_CONVERSION = YES;
				CLANG_WARN_INT_CONVERSION = YES;
				CLANG_WARN_OBJC_ROOT_CLASS = YES_ERROR;
				CLANG_WARN_UNREACHABLE_CODE = YES;
				CLANG_WARN__DUPLICATE_METHOD_MATCH = YES;
				"CODE_SIGN_IDENTITY[sdk=iphoneos*]" = "iPhone Developer";
				COPY_PHASE_STRIP = NO;
				DEBUG_INFORMATION_FORMAT = "dwarf-with-dsym";
				ENABLE_NS_ASSERTIONS = NO;
				ENABLE_STRICT_OBJC_MSGSEND = YES;
				GCC_C_LANGUAGE_STANDARD = gnu99;
				GCC_NO_COMMON_BLOCKS = YES;
				GCC_WARN_64_TO_32_BIT_CONVERSION = YES;
				GCC_WARN_ABOUT_RETURN_TYPE = YES_ERROR;
				GCC_WARN_UNDECLARED_SELECTOR = YES;
				GCC_WARN_UNINITIALIZED_AUTOS = YES_AGGRESSIVE;
				GCC_WARN_UNUSED_FUNCTION = YES;
				GCC_WARN_UNUSED_VARIABLE = YES;
				IPHONEOS_DEPLOYMENT_TARGET = 9.0;
				MTL_ENABLE_DEBUG_INFO = NO;
				SDKROOT = iphoneos;
				TARGETED_DEVICE_FAMILY = "1,2";
				VALIDATE_PRODUCT = YES;
			};
			name = Release;
		};
		F8B4194F1C2F7E0000C76BD3 /* Debug */ = {
			isa = XCBuildConfiguration;
			buildSettings = {
				ASSETCATALOG_COMPILER_APPICON_NAME = AppIcon;
				INFOPLIST_FILE = Psychologist/Info.plist;
				LD_RUNPATH_SEARCH_PATHS = "$(inherited) @executable_path/Frameworks";
				PRODUCT_BUNDLE_IDENTIFIER = Trong.Le.Psychologist;
				PRODUCT_NAME = "$(TARGET_NAME)";
			};
			name = Debug;
		};
		F8B419501C2F7E0000C76BD3 /* Release */ = {
			isa = XCBuildConfiguration;
			buildSettings = {
				ASSETCATALOG_COMPILER_APPICON_NAME = AppIcon;
				INFOPLIST_FILE = Psychologist/Info.plist;
				LD_RUNPATH_SEARCH_PATHS = "$(inherited) @executable_path/Frameworks";
				PRODUCT_BUNDLE_IDENTIFIER = Trong.Le.Psychologist;
				PRODUCT_NAME = "$(TARGET_NAME)";
			};
			name = Release;
		};
		F8B419521C2F7E0000C76BD3 /* Debug */ = {
			isa = XCBuildConfiguration;
			buildSettings = {
				BUNDLE_LOADER = "$(TEST_HOST)";
				INFOPLIST_FILE = PsychologistTests/Info.plist;
				LD_RUNPATH_SEARCH_PATHS = "$(inherited) @executable_path/Frameworks @loader_path/Frameworks";
				PRODUCT_BUNDLE_IDENTIFIER = Trong.Le.PsychologistTests;
				PRODUCT_NAME = "$(TARGET_NAME)";
				TEST_HOST = "$(BUILT_PRODUCTS_DIR)/Psychologist.app/Psychologist";
			};
			name = Debug;
		};
		F8B419531C2F7E0000C76BD3 /* Release */ = {
			isa = XCBuildConfiguration;
			buildSettings = {
				BUNDLE_LOADER = "$(TEST_HOST)";
				INFOPLIST_FILE = PsychologistTests/Info.plist;
				LD_RUNPATH_SEARCH_PATHS = "$(inherited) @executable_path/Frameworks @loader_path/Frameworks";
				PRODUCT_BUNDLE_IDENTIFIER = Trong.Le.PsychologistTests;
				PRODUCT_NAME = "$(TARGET_NAME)";
				TEST_HOST = "$(BUILT_PRODUCTS_DIR)/Psychologist.app/Psychologist";
			};
			name = Release;
		};
		F8B419551C2F7E0000C76BD3 /* Debug */ = {
			isa = XCBuildConfiguration;
			buildSettings = {
				INFOPLIST_FILE = PsychologistUITests/Info.plist;
				LD_RUNPATH_SEARCH_PATHS = "$(inherited) @executable_path/Frameworks @loader_path/Frameworks";
				PRODUCT_BUNDLE_IDENTIFIER = Trong.Le.PsychologistUITests;
				PRODUCT_NAME = "$(TARGET_NAME)";
				TEST_TARGET_NAME = Psychologist;
				USES_XCTRUNNER = YES;
			};
			name = Debug;
		};
		F8B419561C2F7E0000C76BD3 /* Release */ = {
			isa = XCBuildConfiguration;
			buildSettings = {
				INFOPLIST_FILE = PsychologistUITests/Info.plist;
				LD_RUNPATH_SEARCH_PATHS = "$(inherited) @executable_path/Frameworks @loader_path/Frameworks";
				PRODUCT_BUNDLE_IDENTIFIER = Trong.Le.PsychologistUITests;
				PRODUCT_NAME = "$(TARGET_NAME)";
				TEST_TARGET_NAME = Psychologist;
				USES_XCTRUNNER = YES;
			};
			name = Release;
		};
/* End XCBuildConfiguration section */

/* Begin XCConfigurationList section */
		F8B419211C2F7DFF00C76BD3 /* Build configuration list for PBXProject "Psychologist" */ = {
			isa = XCConfigurationList;
			buildConfigurations = (
				F8B4194C1C2F7E0000C76BD3 /* Debug */,
				F8B4194D1C2F7E0000C76BD3 /* Release */,
			);
			defaultConfigurationIsVisible = 0;
			defaultConfigurationName = Release;
		};
		F8B4194E1C2F7E0000C76BD3 /* Build configuration list for PBXNativeTarget "Psychologist" */ = {
			isa = XCConfigurationList;
			buildConfigurations = (
				F8B4194F1C2F7E0000C76BD3 /* Debug */,
				F8B419501C2F7E0000C76BD3 /* Release */,
			);
			defaultConfigurationIsVisible = 0;
			defaultConfigurationName = Release;
		};
		F8B419511C2F7E0000C76BD3 /* Build configuration list for PBXNativeTarget "PsychologistTests" */ = {
			isa = XCConfigurationList;
			buildConfigurations = (
				F8B419521C2F7E0000C76BD3 /* Debug */,
				F8B419531C2F7E0000C76BD3 /* Release */,
			);
			defaultConfigurationIsVisible = 0;
			defaultConfigurationName = Release;
		};
		F8B419541C2F7E0000C76BD3 /* Build configuration list for PBXNativeTarget "PsychologistUITests" */ = {
			isa = XCConfigurationList;
			buildConfigurations = (
				F8B419551C2F7E0000C76BD3 /* Debug */,
				F8B419561C2F7E0000C76BD3 /* Release */,
			);
			defaultConfigurationIsVisible = 0;
			defaultConfigurationName = Release;
		};
/* End XCConfigurationList section */
	};
	rootObject = F8B4191E1C2F7DFF00C76BD3 /* Project object */;
}
